
Microsoft Visual Studio Solution File, Format Version 12.00
# Visual Studio Version 17
VisualStudioVersion = 17.8.34330.188
MinimumVisualStudioVersion = 10.0.40219.1
Project("{FAE04EC0-301F-11D3-BF4B-00C04F79EFBC}") = "ConsoleApp2", "ConsoleApp2\ConsoleApp2.csproj", "{ABA3FA5E-015B-4581-BEFC-95EE47D1D812}"
EndProject
Global
	GlobalSection(SolutionConfigurationPlatforms) = preSolution
		Debug|Any CPU = Debug|Any CPU
		Release|Any CPU = Release|Any CPU
	EndGlobalSection
	GlobalSection(ProjectConfigurationPlatforms) = postSolution
		{ABA3FA5E-015B-4581-BEFC-95EE47D1D812}.Debug|Any CPU.ActiveCfg = Debug|Any CPU
		{ABA3FA5E-015B-4581-BEFC-95EE47D1D812}.Debug|Any CPU.Build.0 = Debug|Any CPU
		{ABA3FA5E-015B-4581-BEFC-95EE47D1D812}.Release|Any CPU.ActiveCfg = Release|Any CPU
		{ABA3FA5E-015B-4581-BEFC-95EE47D1D812}.Release|Any CPU.Build.0 = Release|Any CPU
	EndGlobalSection
	GlobalSection(SolutionProperties) = preSolution
		HideSolutionNode = FALSE
	EndGlobalSection
	GlobalSection(ExtensibilityGlobals) = postSolution
		SolutionGuid = {488ADF3E-CDF2-41CB-857E-A55F34A6C514}
	EndGlobalSection
EndGlobal
